dependencies:
- name: btrix-admin-logging
  repository: file://./admin/logging
  version: 0.1.0
- name: btrix-crds
  repository: file://./btrix-crds
  version: 0.2.0
- name: metacontroller-helm
  repository: oci://ghcr.io/metacontroller
  version: 4.12.5
- name: btrix-proxies
  repository: file://./proxies/
  version: 0.2.0
digest: sha256:fc819cb0d60e192d3bb32bd61353082eee14050243429a9d3f73e7a02e1fc52c
generated: "2025-12-20T13:01:24.278471-08:00"
